{
  "requires": true,
  "lockfileVersion": 1,
  "dependencies": {
    "complex.js": {
      "version": "2.0.4",
      "resolved": "https://registry.npmjs.org/complex.js/-/complex.js-2.0.4.tgz",
      "integrity": "sha512-Syl95HpxUTS0QjwNxencZsKukgh1zdS9uXeXX2Us0pHaqBR6kiZZi0AkZ9VpZFwHJyVIUVzI4EumjWdXP3fy6w=="
    },
    "decimal.js": {
      "version": "7.2.3",
      "resolved": "https://registry.npmjs.org/decimal.js/-/decimal.js-7.2.3.tgz",
      "integrity": "sha512-AoFI37QS0S87Ft0r3Bdz4q9xSpm1Paa9lSeKLXgMPk/u/+QPIM5Gy4DHcZQS1seqPJH4gHLauPGn347z0HbsrA=="
    },
    "fraction.js": {
      "version": "4.0.2",
      "resolved": "https://registry.npmjs.org/fraction.js/-/fraction.js-4.0.2.tgz",
      "integrity": "sha512-OswcigOSil3vYXgrPSx4NCaSyPikXqVNYN/4CyhS0ucVOJ4GVYr6KQQLLcAudvS/4bBOzxqJ3XIsFaaMjl98ZQ=="
    },
    "javascript-natural-sort": {
      "version": "0.7.1",
      "resolved": "https://registry.npmjs.org/javascript-natural-sort/-/javascript-natural-sort-0.7.1.tgz",
      "integrity": "sha1-+eIwPUUH9tdDVac2ZNFED7Wg71k="
    },
    "mathjs": {
      "version": "3.16.5",
      "resolved": "https://registry.npmjs.org/mathjs/-/mathjs-3.16.5.tgz",
      "integrity": "sha1-11pSZUNdKCSwZ7N6R4dx3uv2qsw=",
      "requires": {
        "complex.js": "2.0.4",
        "decimal.js": "7.2.3",
        "fraction.js": "4.0.2",
        "javascript-natural-sort": "0.7.1",
        "seed-random": "2.2.0",
        "tiny-emitter": "2.0.0",
        "typed-function": "0.10.5"
      }
    },
    "seed-random": {
      "version": "2.2.0",
      "resolved": "https://registry.npmjs.org/seed-random/-/seed-random-2.2.0.tgz",
      "integrity": "sha1-KpsZ4lCoFwmSMaW5mk2vgLf77VQ="
    },
    "tiny-emitter": {
      "version": "2.0.0",
      "resolved": "https://registry.npmjs.org/tiny-emitter/-/tiny-emitter-2.0.0.tgz",
      "integrity": "sha1-utMnrbGAS0KiMa+nQVMr2ITNCa0="
    },
    "typed-function": {
      "version": "0.10.5",
      "resolved": "https://registry.npmjs.org/typed-function/-/typed-function-0.10.5.tgz",
      "integrity": "sha1-Lg8Yq9BlIZ+raUpEamXG0ZgYMsA="
    },
    "zeppelin-solidity": {
      "version": "1.3.0",
      "resolved": "https://registry.npmjs.org/zeppelin-solidity/-/zeppelin-solidity-1.3.0.tgz",
      "integrity": "sha512-q+WyqvQjE5gpKgXrhD8LBh0Njg7GI/zs4lKX14y0j7ISJIxe68hihSjaMU05V0M0qAbxgRC43AFTt7CxNsO8nQ=="
    }
  }
}
